
Microsoft Visual Studio Solution File, Format Version 12.00
# Visual Studio Version 17
VisualStudioVersion = 17.3.32819.101
MinimumVisualStudioVersion = 10.0.40219.1
Project("{FAE04EC0-301F-11D3-BF4B-00C04F79EFBC}") = "Inlämningsuppgift 4.22", "Inlämningsuppgift 4.22.csproj", "{F5AD3219-6B6C-4AFF-A087-3BF06A491DB5}"
EndProject
Global
	GlobalSection(SolutionConfigurationPlatforms) = preSolution
		Debug|Any CPU = Debug|Any CPU
		Release|Any CPU = Release|Any CPU
	EndGlobalSection
	GlobalSection(ProjectConfigurationPlatforms) = postSolution
		{F5AD3219-6B6C-4AFF-A087-3BF06A491DB5}.Debug|Any CPU.ActiveCfg = Debug|Any CPU
		{F5AD3219-6B6C-4AFF-A087-3BF06A491DB5}.Debug|Any CPU.Build.0 = Debug|Any CPU
		{F5AD3219-6B6C-4AFF-A087-3BF06A491DB5}.Release|Any CPU.ActiveCfg = Release|Any CPU
		{F5AD3219-6B6C-4AFF-A087-3BF06A491DB5}.Release|Any CPU.Build.0 = Release|Any CPU
	EndGlobalSection
	GlobalSection(SolutionProperties) = preSolution
		HideSolutionNode = FALSE
	EndGlobalSection
	GlobalSection(ExtensibilityGlobals) = postSolution
		SolutionGuid = {77607464-C836-4DE3-82EF-A0942BFE2685}
	EndGlobalSection
EndGlobal
